
Microsoft Visual Studio Solution File, Format Version 12.00
# Visual Studio Version 17
VisualStudioVersion = 17.5.33424.131
MinimumVisualStudioVersion = 10.0.40219.1
Project("{9A19103F-16F7-4668-BE54-9A1E7A4F7556}") = "Week3IfAndSwich", "Week3IfAndSwich\Week3IfAndSwich.csproj", "{61D85C19-DF33-4D4C-B5F2-8DBC37C025BC}"
EndProject
Project("{FAE04EC0-301F-11D3-BF4B-00C04F79EFBC}") = "OddOrEven", "OddOrEven\OddOrEven.csproj", "{C3EDFE3F-371A-48D2-B2A1-E03B55995474}"
EndProject
Project("{FAE04EC0-301F-11D3-BF4B-00C04F79EFBC}") = "DayOfTheWeek", "DayOfTheWeek\DayOfTheWeek.csproj", "{80A62DD8-CE95-4FF1-9211-B3C858799608}"
EndProject
Project("{FAE04EC0-301F-11D3-BF4B-00C04F79EFBC}") = "SwitchDayOfTheWeek", "SwitchDayOfTheWeek\SwitchDayOfTheWeek.csproj", "{3A6B797E-51EB-4D8B-A983-6581BC792A56}"
EndProject
Global
	GlobalSection(SolutionConfigurationPlatforms) = preSolution
		Debug|Any CPU = Debug|Any CPU
		Release|Any CPU = Release|Any CPU
	EndGlobalSection
	GlobalSection(ProjectConfigurationPlatforms) = postSolution
		{61D85C19-DF33-4D4C-B5F2-8DBC37C025BC}.Debug|Any CPU.ActiveCfg = Debug|Any CPU
		{61D85C19-DF33-4D4C-B5F2-8DBC37C025BC}.Debug|Any CPU.Build.0 = Debug|Any CPU
		{61D85C19-DF33-4D4C-B5F2-8DBC37C025BC}.Release|Any CPU.ActiveCfg = Release|Any CPU
		{61D85C19-DF33-4D4C-B5F2-8DBC37C025BC}.Release|Any CPU.Build.0 = Release|Any CPU
		{C3EDFE3F-371A-48D2-B2A1-E03B55995474}.Debug|Any CPU.ActiveCfg = Debug|Any CPU
		{C3EDFE3F-371A-48D2-B2A1-E03B55995474}.Debug|Any CPU.Build.0 = Debug|Any CPU
		{C3EDFE3F-371A-48D2-B2A1-E03B55995474}.Release|Any CPU.ActiveCfg = Release|Any CPU
		{C3EDFE3F-371A-48D2-B2A1-E03B55995474}.Release|Any CPU.Build.0 = Release|Any CPU
		{80A62DD8-CE95-4FF1-9211-B3C858799608}.Debug|Any CPU.ActiveCfg = Debug|Any CPU
		{80A62DD8-CE95-4FF1-9211-B3C858799608}.Debug|Any CPU.Build.0 = Debug|Any CPU
		{80A62DD8-CE95-4FF1-9211-B3C858799608}.Release|Any CPU.ActiveCfg = Release|Any CPU
		{80A62DD8-CE95-4FF1-9211-B3C858799608}.Release|Any CPU.Build.0 = Release|Any CPU
		{3A6B797E-51EB-4D8B-A983-6581BC792A56}.Debug|Any CPU.ActiveCfg = Debug|Any CPU
		{3A6B797E-51EB-4D8B-A983-6581BC792A56}.Debug|Any CPU.Build.0 = Debug|Any CPU
		{3A6B797E-51EB-4D8B-A983-6581BC792A56}.Release|Any CPU.ActiveCfg = Release|Any CPU
		{3A6B797E-51EB-4D8B-A983-6581BC792A56}.Release|Any CPU.Build.0 = Release|Any CPU
	EndGlobalSection
	GlobalSection(SolutionProperties) = preSolution
		HideSolutionNode = FALSE
	EndGlobalSection
	GlobalSection(ExtensibilityGlobals) = postSolution
		SolutionGuid = {EA22C114-785C-474F-8E80-DB41A857DCC3}
	EndGlobalSection
EndGlobal
